{
    "_readme": [
        "This file locks the dependencies of your project to a known state",
        "Read more about it at https://getcomposer.org/doc/01-basic-usage.md#installing-dependencies",
        "This file is @generated automatically"
    ],
    "content-hash": "da7adc19070f8b34c5100cef35896eab",
    "packages": [],
    "packages-dev": [
        {
            "name": "clue/socket-raw",
            "version": "v1.6.0",
            "source": {
                "type": "git",
                "url": "https://github.com/clue/socket-raw.git",
                "reference": "91e9f619f6769f931454a9882c21ffd7623d06cb"
            },
            "dist": {
                "type": "zip",
                "url": "https://api.github.com/repos/clue/socket-raw/zipball/91e9f619f6769f931454a9882c21ffd7623d06cb",
                "reference": "91e9f619f6769f931454a9882c21ffd7623d06cb",
                "shasum": ""
            },
            "require": {
                "ext-sockets": "*",
                "php": ">=5.3"
            },
            "require-dev": {
                "phpunit/phpunit": "^9.3 || ^5.7 || ^4.8.35"
            },
            "type": "library",
            "autoload": {
                "psr-4": {
                    "Socket\\Raw\\": "src"
                }
            },
            "notification-url": "https://packagist.org/downloads/",
            "license": [
                "MIT"
            ],
            "authors": [
                {
                    "name": "Christian Lück",
                    "email": "christian@clue.engineering"
                }
            ],
            "description": "Simple and lightweight OOP wrapper for PHP's low-level sockets extension (ext-sockets).",
            "homepage": "https://github.com/clue/socket-raw",
            "keywords": [
                "Socket",
                "client",
                "datagram",
                "dgram",
                "icmp",
                "ipv6",
                "server",
                "stream",
                "tcp",
                "udg",
                "udp",
                "unix"
            ],
            "support": {
                "issues": "https://github.com/clue/socket-raw/issues",
                "source": "https://github.com/clue/socket-raw/tree/v1.6.0"
            },
            "funding": [
                {
                    "url": "https://clue.engineering/support",
                    "type": "custom"
                },
                {
                    "url": "https://github.com/clue",
                    "type": "github"
                }
            ],
            "time": "2022-04-14T14:58:06+00:00"
        },
        {
            "name": "composer/semver",
            "version": "3.4.0",
            "source": {
                "type": "git",
                "url": "https://github.com/composer/semver.git",
                "reference": "35e8d0af4486141bc745f23a29cc2091eb624a32"
            },
            "dist": {
                "type": "zip",
                "url": "https://api.github.com/repos/composer/semver/zipball/35e8d0af4486141bc745f23a29cc2091eb624a32",
                "reference": "35e8d0af4486141bc745f23a29cc2091eb624a32",
                "shasum": ""
            },
            "require": {
                "php": "^5.3.2 || ^7.0 || ^8.0"
            },
            "require-dev": {
                "phpstan/phpstan": "^1.4",
                "symfony/phpunit-bridge": "^4.2 || ^5"
            },
            "type": "library",
            "extra": {
                "branch-alias": {
                    "dev-main": "3.x-dev"
                }
            },
            "autoload": {
                "psr-4": {
                    "Composer\\Semver\\": "src"
                }
            },
            "notification-url": "https://packagist.org/downloads/",
            "license": [
                "MIT"
            ],
            "authors": [
                {
                    "name": "Nils Adermann",
                    "email": "naderman@naderman.de",
                    "homepage": "http://www.naderman.de"
                },
                {
                    "name": "Jordi Boggiano",
                    "email": "j.boggiano@seld.be",
                    "homepage": "http://seld.be"
                },
                {
                    "name": "Rob Bast",
                    "email": "rob.bast@gmail.com",
                    "homepage": "http://robbast.nl"
                }
            ],
            "description": "Semver library that offers utilities, version constraint parsing and validation.",
            "keywords": [
                "semantic",
                "semver",
                "validation",
                "versioning"
            ],
            "support": {
                "irc": "ircs://irc.libera.chat:6697/composer",
                "issues": "https://github.com/composer/semver/issues",
                "source": "https://github.com/composer/semver/tree/3.4.0"
            },
            "funding": [
                {
                    "url": "https://packagist.com",
                    "type": "custom"
                },
                {
                    "url": "https://github.com/composer",
                    "type": "github"
                },
                {
                    "url": "https://tidelift.com/funding/github/packagist/composer/composer",
                    "type": "tidelift"
                }
            ],
            "time": "2023-08-31T09:50:34+00:00"
        },
        {
            "name": "psr/log",
            "version": "3.0.0",
            "source": {
                "type": "git",
                "url": "https://github.com/php-fig/log.git",
                "reference": "fe5ea303b0887d5caefd3d431c3e61ad47037001"
            },
            "dist": {
                "type": "zip",
                "url": "https://api.github.com/repos/php-fig/log/zipball/fe5ea303b0887d5caefd3d431c3e61ad47037001",
                "reference": "fe5ea303b0887d5caefd3d431c3e61ad47037001",
                "shasum": ""
            },
            "require": {
                "php": ">=8.0.0"
            },
            "type": "library",
            "extra": {
                "branch-alias": {
                    "dev-master": "3.x-dev"
                }
            },
            "autoload": {
                "psr-4": {
                    "Psr\\Log\\": "src"
                }
            },
            "notification-url": "https://packagist.org/downloads/",
            "license": [
                "MIT"
            ],
            "authors": [
                {
                    "name": "PHP-FIG",
                    "homepage": "https://www.php-fig.org/"
                }
            ],
            "description": "Common interface for logging libraries",
            "homepage": "https://github.com/php-fig/log",
            "keywords": [
                "log",
                "psr",
                "psr-3"
            ],
            "support": {
                "source": "https://github.com/php-fig/log/tree/3.0.0"
            },
            "time": "2021-07-14T16:46:02+00:00"
        },
        {
            "name": "symfony/process",
            "version": "v6.4.8",
            "source": {
                "type": "git",
                "url": "https://github.com/symfony/process.git",
                "reference": "8d92dd79149f29e89ee0f480254db595f6a6a2c5"
            },
            "dist": {
                "type": "zip",
                "url": "https://api.github.com/repos/symfony/process/zipball/8d92dd79149f29e89ee0f480254db595f6a6a2c5",
                "reference": "8d92dd79149f29e89ee0f480254db595f6a6a2c5",
                "shasum": ""
            },
            "require": {
                "php": ">=8.1"
            },
            "type": "library",
            "autoload": {
                "psr-4": {
                    "Symfony\\Component\\Process\\": ""
                },
                "exclude-from-classmap": [
                    "/Tests/"
                ]
            },
            "notification-url": "https://packagist.org/downloads/",
            "license": [
                "MIT"
            ],
            "authors": [
                {
                    "name": "Fabien Potencier",
                    "email": "fabien@symfony.com"
                },
                {
                    "name": "Symfony Community",
                    "homepage": "https://symfony.com/contributors"
                }
            ],
            "description": "Executes commands in sub-processes",
            "homepage": "https://symfony.com",
            "support": {
                "source": "https://github.com/symfony/process/tree/v6.4.8"
            },
            "funding": [
                {
                    "url": "https://symfony.com/sponsor",
                    "type": "custom"
                },
                {
                    "url": "https://github.com/fabpot",
                    "type": "github"
                },
                {
                    "url": "https://tidelift.com/funding/github/packagist/symfony/symfony",
                    "type": "tidelift"
                }
            ],
            "time": "2024-05-31T14:49:08+00:00"
        },
        {
            "name": "thecodingmachine/safe",
            "version": "v2.5.0",
            "source": {
                "type": "git",
                "url": "https://github.com/thecodingmachine/safe.git",
                "reference": "3115ecd6b4391662b4931daac4eba6b07a2ac1f0"
            },
            "dist": {
                "type": "zip",
                "url": "https://api.github.com/repos/thecodingmachine/safe/zipball/3115ecd6b4391662b4931daac4eba6b07a2ac1f0",
                "reference": "3115ecd6b4391662b4931daac4eba6b07a2ac1f0",
                "shasum": ""
            },
            "require": {
                "php": "^8.0"
            },
            "require-dev": {
                "phpstan/phpstan": "^1.5",
                "phpunit/phpunit": "^9.5",
                "squizlabs/php_codesniffer": "^3.2",
                "thecodingmachine/phpstan-strict-rules": "^1.0"
            },
            "type": "library",
            "extra": {
                "branch-alias": {
                    "dev-master": "2.2.x-dev"
                }
            },
            "autoload": {
                "files": [
                    "deprecated/apc.php",
                    "deprecated/array.php",
                    "deprecated/datetime.php",
                    "deprecated/libevent.php",
                    "deprecated/misc.php",
                    "deprecated/password.php",
                    "deprecated/mssql.php",
                    "deprecated/stats.php",
                    "deprecated/strings.php",
                    "lib/special_cases.php",
                    "deprecated/mysqli.php",
                    "generated/apache.php",
                    "generated/apcu.php",
                    "generated/array.php",
                    "generated/bzip2.php",
                    "generated/calendar.php",
                    "generated/classobj.php",
                    "generated/com.php",
                    "generated/cubrid.php",
                    "generated/curl.php",
                    "generated/datetime.php",
                    "generated/dir.php",
                    "generated/eio.php",
                    "generated/errorfunc.php",
                    "generated/exec.php",
                    "generated/fileinfo.php",
                    "generated/filesystem.php",
                    "generated/filter.php",
                    "generated/fpm.php",
                    "generated/ftp.php",
                    "generated/funchand.php",
                    "generated/gettext.php",
                    "generated/gmp.php",
                    "generated/gnupg.php",
                    "generated/hash.php",
                    "generated/ibase.php",
                    "generated/ibmDb2.php",
                    "generated/iconv.php",
                    "generated/image.php",
                    "generated/imap.php",
                    "generated/info.php",
                    "generated/inotify.php",
                    "generated/json.php",
                    "generated/ldap.php",
                    "generated/libxml.php",
                    "generated/lzf.php",
                    "generated/mailparse.php",
                    "generated/mbstring.php",
                    "generated/misc.php",
                    "generated/mysql.php",
                    "generated/network.php",
                    "generated/oci8.php",
                    "generated/opcache.php",
                    "generated/openssl.php",
                    "generated/outcontrol.php",
                    "generated/pcntl.php",
                    "generated/pcre.php",
                    "generated/pgsql.php",
                    "generated/posix.php",
                    "generated/ps.php",
                    "generated/pspell.php",
                    "generated/readline.php",
                    "generated/rpminfo.php",
                    "generated/rrd.php",
                    "generated/sem.php",
                    "generated/session.php",
                    "generated/shmop.php",
                    "generated/sockets.php",
                    "generated/sodium.php",
                    "generated/solr.php",
                    "generated/spl.php",
                    "generated/sqlsrv.php",
                    "generated/ssdeep.php",
                    "generated/ssh2.php",
                    "generated/stream.php",
                    "generated/strings.php",
                    "generated/swoole.php",
                    "generated/uodbc.php",
                    "generated/uopz.php",
                    "generated/url.php",
                    "generated/var.php",
                    "generated/xdiff.php",
                    "generated/xml.php",
                    "generated/xmlrpc.php",
                    "generated/yaml.php",
                    "generated/yaz.php",
                    "generated/zip.php",
                    "generated/zlib.php"
                ],
                "classmap": [
                    "lib/DateTime.php",
                    "lib/DateTimeImmutable.php",
                    "lib/Exceptions/",
                    "deprecated/Exceptions/",
                    "generated/Exceptions/"
                ]
            },
            "notification-url": "https://packagist.org/downloads/",
            "license": [
                "MIT"
            ],
            "description": "PHP core functions that throw exceptions instead of returning FALSE on error",
            "support": {
                "issues": "https://github.com/thecodingmachine/safe/issues",
                "source": "https://github.com/thecodingmachine/safe/tree/v2.5.0"
            },
            "time": "2023-04-05T11:54:14+00:00"
        },
        {
            "name": "zoon/puphpeteer",
            "version": "2.1.1",
            "source": {
                "type": "git",
                "url": "https://github.com/zoonru/puphpeteer.git",
                "reference": "78c7b48817edd9920d1b87a386c59ccedc45fc2b"
            },
            "dist": {
                "type": "zip",
                "url": "https://api.github.com/repos/zoonru/puphpeteer/zipball/78c7b48817edd9920d1b87a386c59ccedc45fc2b",
                "reference": "78c7b48817edd9920d1b87a386c59ccedc45fc2b",
                "shasum": ""
            },
            "require": {
                "composer/semver": "^3.0",
                "ext-json": "*",
                "php": "^8.0",
                "psr/log": "^3.0",
                "thecodingmachine/safe": "^2.5",
                "zoon/rialto": "^1.5"
            },
            "require-dev": {
                "friendsofphp/php-cs-fixer": "^3.2",
                "monolog/monolog": "^3.0",
                "phpstan/phpstan": "^1.10",
                "phpunit/phpunit": "^9.0",
                "symfony/console": "^6.3",
                "symfony/filesystem": "^6.3",
                "symfony/process": "^6.3",
                "symfony/var-dumper": "^6.3",
                "thecodingmachine/phpstan-safe-rule": "^1.2"
            },
            "type": "library",
            "autoload": {
                "psr-4": {
                    "Nesk\\Puphpeteer\\": "src/"
                }
            },
            "notification-url": "https://packagist.org/downloads/",
            "license": [
                "MIT"
            ],
            "authors": [
                {
                    "name": "Johann Pardanaud",
                    "email": "pardanaud.j@gmail.com"
                }
            ],
            "description": "A Puppeteer bridge for PHP, supporting the entire API.",
            "keywords": [
                "automation",
                "developer-tools",
                "headless-chrome",
                "php",
                "puppeteer",
                "testing",
                "web"
            ],
            "support": {
                "source": "https://github.com/zoonru/puphpeteer/tree/2.1.1"
            },
            "time": "2023-08-17T12:24:15+00:00"
        },
        {
            "name": "zoon/rialto",
            "version": "1.5.0",
            "source": {
                "type": "git",
                "url": "https://github.com/zoonru/rialto.git",
                "reference": "f631b78bf5ae36b236050c87cd45a9433c55ab6e"
            },
            "dist": {
                "type": "zip",
                "url": "https://api.github.com/repos/zoonru/rialto/zipball/f631b78bf5ae36b236050c87cd45a9433c55ab6e",
                "reference": "f631b78bf5ae36b236050c87cd45a9433c55ab6e",
                "shasum": ""
            },
            "require": {
                "clue/socket-raw": "^1.2",
                "php": "^7.2 || ^8.0",
                "psr/log": "^1.0 || ^2.0 || ^3.0",
                "symfony/process": "^3.3 || ^4.0 || ^5.0 || ^6.0"
            },
            "require-dev": {
                "monolog/monolog": "^1.0 || ^2.0 || ^3.0",
                "phpunit/phpunit": "^8.0 || ^9.0 || ^10"
            },
            "suggest": {
                "ext-weakref": "Required to run all the tests"
            },
            "type": "library",
            "autoload": {
                "psr-4": {
                    "Nesk\\Rialto\\": "src/"
                }
            },
            "notification-url": "https://packagist.org/downloads/",
            "license": [
                "MIT"
            ],
            "authors": [
                {
                    "name": "Johann Pardanaud",
                    "email": "pardanaud.j@gmail.com"
                }
            ],
            "description": "Manage Node resources from PHP",
            "keywords": [
                "Bridge",
                "Socket",
                "communication",
                "node",
                "php",
                "wrapper"
            ],
            "support": {
                "source": "https://github.com/zoonru/rialto/tree/1.5.0"
            },
            "time": "2023-07-17T12:45:13+00:00"
        }
    ],
    "aliases": [],
    "minimum-stability": "stable",
    "stability-flags": [],
    "prefer-stable": false,
    "prefer-lowest": false,
    "platform": [],
    "platform-dev": [],
    "plugin-api-version": "2.3.0"
}
